
Microsoft Visual Studio Solution File, Format Version 12.00
# Visual Studio Version 17
VisualStudioVersion = 17.9.34616.47
MinimumVisualStudioVersion = 10.0.40219.1
Project("{FAE04EC0-301F-11D3-BF4B-00C04F79EFBC}") = "FlatRock", "FlatRock\FlatRock.csproj", "{E6D688AB-8A50-47BD-97B5-BEC61E2A4233}"
EndProject
Global
	GlobalSection(SolutionConfigurationPlatforms) = preSolution
		Debug|Any CPU = Debug|Any CPU
		Release|Any CPU = Release|Any CPU
	EndGlobalSection
	GlobalSection(ProjectConfigurationPlatforms) = postSolution
		{E6D688AB-8A50-47BD-97B5-BEC61E2A4233}.Debug|Any CPU.ActiveCfg = Debug|Any CPU
		{E6D688AB-8A50-47BD-97B5-BEC61E2A4233}.Debug|Any CPU.Build.0 = Debug|Any CPU
		{E6D688AB-8A50-47BD-97B5-BEC61E2A4233}.Release|Any CPU.ActiveCfg = Release|Any CPU
		{E6D688AB-8A50-47BD-97B5-BEC61E2A4233}.Release|Any CPU.Build.0 = Release|Any CPU
	EndGlobalSection
	GlobalSection(SolutionProperties) = preSolution
		HideSolutionNode = FALSE
	EndGlobalSection
	GlobalSection(ExtensibilityGlobals) = postSolution
		SolutionGuid = {EAE4FC2F-CE7C-4F56-9700-8F22AF16F8BB}
	EndGlobalSection
EndGlobal
